// !$*UTF8*$!
{
	archiveVersion = 1;
	classes = {
	};
	objectVersion = 50;
	objects = {

/* Begin PBXBuildFile section */
		8BB5B73921550928002A37AD /* AppDelegate.swift in Sources */ = {isa = PBXBuildFile; fileRef = 8BB5B73821550928002A37AD /* AppDelegate.swift */; };
		8BB5B73B21550928002A37AD /* ViewController.swift in Sources */ = {isa = PBXBuildFile; fileRef = 8BB5B73A21550928002A37AD /* ViewController.swift */; };
		8BB5B73E21550928002A37AD /* Main.storyboard in Resources */ = {isa = PBXBuildFile; fileRef = 8BB5B73C21550928002A37AD /* Main.storyboard */; };
		8BB5B74021550929002A37AD /* Assets.xcassets in Resources */ = {isa = PBXBuildFile; fileRef = 8BB5B73F21550929002A37AD /* Assets.xcassets */; };
		8BB5B74321550929002A37AD /* LaunchScreen.storyboard in Resources */ = {isa = PBXBuildFile; fileRef = 8BB5B74121550929002A37AD /* LaunchScreen.storyboard */; };
		8BB5B74B215B86FF002A37AD /* QuizQuestions.swift in Sources */ = {isa = PBXBuildFile; fileRef = 8BB5B74A215B86FF002A37AD /* QuizQuestions.swift */; };
/* End PBXBuildFile section */

/* Begin PBXFileReference section */
		8BB5B73521550928002A37AD /* EnhanceQuizStarterApp.app */ = {isa = PBXFileReference; explicitFileType = wrapper.application; includeInIndex = 0; path = EnhanceQuizStarterApp.app; sourceTree = BUILT_PRODUCTS_DIR; };
		8BB5B73821550928002A37AD /* AppDelegate.swift */ = {isa = PBXFileReference; lastKnownFileType = sourcecode.swift; path = AppDelegate.swift; sourceTree = "<group>"; };
		8BB5B73A21550928002A37AD /* ViewController.swift */ = {isa = PBXFileReference; lastKnownFileType = sourcecode.swift; path = ViewController.swift; sourceTree = "<group>"; };
		8BB5B73D21550928002A37AD /* Base */ = {isa = PBXFileReference; lastKnownFileType = file.storyboard; name = Base; path = Base.lproj/Main.storyboard; sourceTree = "<group>"; };
		8BB5B73F21550929002A37AD /* Assets.xcassets */ = {isa = PBXFileReference; lastKnownFileType = folder.assetcatalog; path = Assets.xcassets; sourceTree = "<group>"; };
		8BB5B74221550929002A37AD /* Base */ = {isa = PBXFileReference; lastKnownFileType = file.storyboard; name = Base; path = Base.lproj/LaunchScreen.storyboard; sourceTree = "<group>"; };
		8BB5B74421550929002A37AD /* Info.plist */ = {isa = PBXFileReference; lastKnownFileType = text.plist.xml; path = Info.plist; sourceTree = "<group>"; };
		8BB5B74A215B86FF002A37AD /* QuizQuestions.swift */ = {isa = PBXFileReference; lastKnownFileType = sourcecode.swift; path = QuizQuestions.swift; sourceTree = "<group>"; };
/* End PBXFileReference section */

/* Begin PBXFrameworksBuildPhase section */
		8BB5B73221550928002A37AD /* Frameworks */ = {
			isa = PBXFrameworksBuildPhase;
			buildActionMask = 2147483647;
			files = (
			);
			runOnlyForDeploymentPostprocessing = 0;
		};
/* End PBXFrameworksBuildPhase section */

/* Begin PBXGroup section */
		8BB5B72C21550928002A37AD = {
			isa = PBXGroup;
			children = (
				8BB5B73721550928002A37AD /* EnhanceQuizStarterApp */,
				8BB5B73621550928002A37AD /* Products */,
			);
			sourceTree = "<group>";
		};
		8BB5B73621550928002A37AD /* Products */ = {
			isa = PBXGroup;
			children = (
				8BB5B73521550928002A37AD /* EnhanceQuizStarterApp.app */,
			);
			name = Products;
			sourceTree = "<group>";
		};
		8BB5B73721550928002A37AD /* EnhanceQuizStarterApp */ = {
			isa = PBXGroup;
			children = (
				8BB5B73821550928002A37AD /* AppDelegate.swift */,
				8BB5B73A21550928002A37AD /* ViewController.swift */,
				8BB5B74A215B86FF002A37AD /* QuizQuestions.swift */,
				8BB5B73C21550928002A37AD /* Main.storyboard */,
				8BB5B73F21550929002A37AD /* Assets.xcassets */,
				8BB5B74121550929002A37AD /* LaunchScreen.storyboard */,
				8BB5B74421550929002A37AD /* Info.plist */,
			);
			path = EnhanceQuizStarterApp;
			sourceTree = "<group>";
		};
/* End PBXGroup section */

/* Begin PBXNativeTarget section */
		8BB5B73421550928002A37AD /* EnhanceQuizStarterApp */ = {
			isa = PBXNativeTarget;
			buildConfigurationList = 8BB5B74721550929002A37AD /* Build configuration list for PBXNativeTarget "EnhanceQuizStarterApp" */;
			buildPhases = (
				8BB5B73121550928002A37AD /* Sources */,
				8BB5B73221550928002A37AD /* Frameworks */,
				8BB5B73321550928002A37AD /* Resources */,
			);
			buildRules = (
			);
			dependencies = (
			);
			name = EnhanceQuizStarterApp;
			productName = EnhanceQuizStarterApp;
			productReference = 8BB5B73521550928002A37AD /* EnhanceQuizStarterApp.app */;
			productType = "com.apple.product-type.application";
		};
/* End PBXNativeTarget section */

/* Begin PBXProject section */
		8BB5B72D21550928002A37AD /* Project object */ = {
			isa = PBXProject;
			attributes = {
				LastSwiftUpdateCheck = 1000;
				LastUpgradeCheck = 1000;
				ORGANIZATIONNAME = "Natalie Stimpson";
				TargetAttributes = {
					8BB5B73421550928002A37AD = {
						CreatedOnToolsVersion = 10.0;
					};
				};
			};
			buildConfigurationList = 8BB5B73021550928002A37AD /* Build configuration list for PBXProject "EnhanceQuizStarterApp" */;
			compatibilityVersion = "Xcode 9.3";
			developmentRegion = en;
			hasScannedForEncodings = 0;
			knownRegions = (
				en,
				Base,
			);
			mainGroup = 8BB5B72C21550928002A37AD;
			productRefGroup = 8BB5B73621550928002A37AD /* Products */;
			projectDirPath = "";
			projectRoot = "";
			targets = (
				8BB5B73421550928002A37AD /* EnhanceQuizStarterApp */,
			);
		};
/* End PBXProject section */

/* Begin PBXResourcesBuildPhase section */
		8BB5B73321550928002A37AD /* Resources */ = {
			isa = PBXResourcesBuildPhase;
			buildActionMask = 2147483647;
			files = (
				8BB5B74321550929002A37AD /* LaunchScreen.storyboard in Resources */,
				8BB5B74021550929002A37AD /* Assets.xcassets in Resources */,
				8BB5B73E21550928002A37AD /* Main.storyboard in Resources */,
			);
			runOnlyForDeploymentPostprocessing = 0;
		};
/* End PBXResourcesBuildPhase section */

/* Begin PBXSourcesBuildPhase section */
		8BB5B73121550928002A37AD /* Sources */ = {
			isa = PBXSourcesBuildPhase;
			buildActionMask = 2147483647;
			files = (
				8BB5B73B21550928002A37AD /* ViewController.swift in Sources */,
				8BB5B74B215B86FF002A37AD /* QuizQuestions.swift in Sources */,
				8BB5B73921550928002A37AD /* AppDelegate.swift in Sources */,
			);
			runOnlyForDeploymentPostprocessing = 0;
		};
/* End PBXSourcesBuildPhase section */

/* Begin PBXVariantGroup section */
		8BB5B73C21550928002A37AD /* Main.storyboard */ = {
			isa = PBXVariantGroup;
			children = (
				8BB5B73D21550928002A37AD /* Base */,
			);
			name = Main.storyboard;
			sourceTree = "<group>";
		};
		8BB5B74121550929002A37AD /* LaunchScreen.storyboard */ = {
			isa = PBXVariantGroup;
			children = (
				8BB5B74221550929002A37AD /* Base */,
			);
			name = LaunchScreen.storyboard;
			sourceTree = "<group>";
		};
/* End PBXVariantGroup section */

/* Begin XCBuildConfiguration section */
		8BB5B74521550929002A37AD /* Debug */ = {
			isa = XCBuildConfiguration;
			buildSettings = {
				ALWAYS_SEARCH_USER_PATHS = NO;
				CLANG_ANALYZER_NONNULL = YES;
				CLANG_ANALYZER_NUMBER_OBJECT_CONVERSION = YES_AGGRESSIVE;
				CLANG_CXX_LANGUAGE_STANDARD = "gnu++14";
				CLANG_CXX_LIBRARY = "libc++";
				CLANG_ENABLE_MODULES = YES;
				CLANG_ENABLE_OBJC_ARC = YES;
				CLANG_ENABLE_OBJC_WEAK = YES;
				CLANG_WARN_BLOCK_CAPTURE_AUTORELEASING = YES;
				CLANG_WARN_BOOL_CONVERSION = YES;
				CLANG_WARN_COMMA = YES;
				CLANG_WARN_CONSTANT_CONVERSION = YES;
				CLANG_WARN_DEPRECATED_OBJC_IMPLEMENTATIONS = YES;
				CLANG_WARN_DIRECT_OBJC_ISA_USAGE = YES_ERROR;
				CLANG_WARN_DOCUMENTATION_COMMENTS = YES;
				CLANG_WARN_EMPTY_BODY = YES;
				CLANG_WARN_ENUM_CONVERSION = YES;
				CLANG_WARN_INFINITE_RECURSION = YES;
				CLANG_WARN_INT_CONVERSION = YES;
				CLANG_WARN_NON_LITERAL_NULL_CONVERSION = YES;
				CLANG_WARN_OBJC_IMPLICIT_RETAIN_SELF = YES;
				CLANG_WARN_OBJC_LITERAL_CONVERSION = YES;
				CLANG_WARN_OBJC_ROOT_CLASS = YES_ERROR;
				CLANG_WARN_RANGE_LOOP_ANALYSIS = YES;
				CLANG_WARN_STRICT_PROTOTYPES = YES;
				CLANG_WARN_SUSPICIOUS_MOVE = YES;
				CLANG_WARN_UNGUARDED_AVAILABILITY = YES_AGGRESSIVE;
				CLANG_WARN_UNREACHABLE_CODE = YES;
				CLANG_WARN__DUPLICATE_METHOD_MATCH = YES;
				CODE_SIGN_IDENTITY = "iPhone Developer";
				COPY_PHASE_STRIP = NO;
				DEBUG_INFORMATION_FORMAT = dwarf;
				ENABLE_STRICT_OBJC_MSGSEND = YES;
				ENABLE_TESTABILITY = YES;
				GCC_C_LANGUAGE_STANDARD = gnu11;
				GCC_DYNAMIC_NO_PIC = NO;
				GCC_NO_COMMON_BLOCKS = YES;
				GCC_OPTIMIZATION_LEVEL = 0;
				GCC_PREPROCESSOR_DEFINITIONS = (
					"DEBUG=1",
					"$(inherited)",
				);
				GCC_WARN_64_TO_32_BIT_CONVERSION = YES;
				GCC_WARN_ABOUT_RETURN_TYPE = YES_ERROR;
				GCC_WARN_UNDECLARED_SELECTOR = YES;
				GCC_WARN_UNINITIALIZED_AUTOS = YES_AGGRESSIVE;
				GCC_WARN_UNUSED_FUNCTION = YES;
				GCC_WARN_UNUSED_VARIABLE = YES;
				IPHONEOS_DEPLOYMENT_TARGET = 12.0;
				MTL_ENABLE_DEBUG_INFO = INCLUDE_SOURCE;
				MTL_FAST_MATH = YES;
				ONLY_ACTIVE_ARCH = YES;
				SDKROOT = iphoneos;
				SWIFT_ACTIVE_COMPILATION_CONDITIONS = DEBUG;
				SWIFT_OPTIMIZATION_LEVEL = "-Onone";
			};
			name = Debug;
		};
		8BB5B74621550929002A37AD /* Release */ = {
			isa = XCBuildConfiguration;
			buildSettings = {
				ALWAYS_SEARCH_USER_PATHS = NO;
				CLANG_ANALYZER_NONNULL = YES;
				CLANG_ANALYZER_NUMBER_OBJECT_CONVERSION = YES_AGGRESSIVE;
				CLANG_CXX_LANGUAGE_STANDARD = "gnu++14";
				CLANG_CXX_LIBRARY = "libc++";
				CLANG_ENABLE_MODULES = YES;
				CLANG_ENABLE_OBJC_ARC = YES;
				CLANG_ENABLE_OBJC_WEAK = YES;
				CLANG_WARN_BLOCK_CAPTURE_AUTORELEASING = YES;
				CLANG_WARN_BOOL_CONVERSION = YES;
				CLANG_WARN_COMMA = YES;
				CLANG_WARN_CONSTANT_CONVERSION = YES;
				CLANG_WARN_DEPRECATED_OBJC_IMPLEMENTATIONS = YES;
				CLANG_WARN_DIRECT_OBJC_ISA_USAGE = YES_ERROR;
				CLANG_WARN_DOCUMENTATION_COMMENTS = YES;
				CLANG_WARN_EMPTY_BODY = YES;
				CLANG_WARN_ENUM_CONVERSION = YES;
				CLANG_WARN_INFINITE_RECURSION = YES;
				CLANG_WARN_INT_CONVERSION = YES;
				CLANG_WARN_NON_LITERAL_NULL_CONVERSION = YES;
				CLANG_WARN_OBJC_IMPLICIT_RETAIN_SELF = YES;
				CLANG_WARN_OBJC_LITERAL_CONVERSION = YES;
				CLANG_WARN_OBJC_ROOT_CLASS = YES_ERROR;
				CLANG_WARN_RANGE_LOOP_ANALYSIS = YES;
				CLANG_WARN_STRICT_PROTOTYPES = YES;
				CLANG_WARN_SUSPICIOUS_MOVE = YES;
				CLANG_WARN_UNGUARDED_AVAILABILITY = YES_AGGRESSIVE;
				CLANG_WARN_UNREACHABLE_CODE = YES;
				CLANG_WARN__DUPLICATE_METHOD_MATCH = YES;
				CODE_SIGN_IDENTITY = "iPhone Developer";
				COPY_PHASE_STRIP = NO;
				DEBUG_INFORMATION_FORMAT = "dwarf-with-dsym";
				ENABLE_NS_ASSERTIONS = NO;
				ENABLE_STRICT_OBJC_MSGSEND = YES;
				GCC_C_LANGUAGE_STANDARD = gnu11;
				GCC_NO_COMMON_BLOCKS = YES;
				GCC_WARN_64_TO_32_BIT_CONVERSION = YES;
				GCC_WARN_ABOUT_RETURN_TYPE = YES_ERROR;
				GCC_WARN_UNDECLARED_SELECTOR = YES;
				GCC_WARN_UNINITIALIZED_AUTOS = YES_AGGRESSIVE;
				GCC_WARN_UNUSED_FUNCTION = YES;
				GCC_WARN_UNUSED_VARIABLE = YES;
				IPHONEOS_DEPLOYMENT_TARGET = 12.0;
				MTL_ENABLE_DEBUG_INFO = NO;
				MTL_FAST_MATH = YES;
				SDKROOT = iphoneos;
				SWIFT_COMPILATION_MODE = wholemodule;
				SWIFT_OPTIMIZATION_LEVEL = "-O";
				VALIDATE_PRODUCT = YES;
			};
			name = Release;
		};
		8BB5B74821550929002A37AD /* Debug */ = {
			isa = XCBuildConfiguration;
			buildSettings = {
				ASSETCATALOG_COMPILER_APPICON_NAME = AppIcon;
				CODE_SIGN_STYLE = Automatic;
				DEVELOPMENT_TEAM = 5J3BC29WTF;
				INFOPLIST_FILE = EnhanceQuizStarterApp/Info.plist;
				LD_RUNPATH_SEARCH_PATHS = (
					"$(inherited)",
					"@executable_path/Frameworks",
				);
				PRODUCT_BUNDLE_IDENTIFIER = n.a.EnhanceQuizStarterApp;
				PRODUCT_NAME = "$(TARGET_NAME)";
				SWIFT_VERSION = 4.2;
				TARGETED_DEVICE_FAMILY = "1,2";
			};
			name = Debug;
		};
		8BB5B74921550929002A37AD /* Release */ = {
			isa = XCBuildConfiguration;
			buildSettings = {
				ASSETCATALOG_COMPILER_APPICON_NAME = AppIcon;
				CODE_SIGN_STYLE = Automatic;
				DEVELOPMENT_TEAM = 5J3BC29WTF;
				INFOPLIST_FILE = EnhanceQuizStarterApp/Info.plist;
				LD_RUNPATH_SEARCH_PATHS = (
					"$(inherited)",
					"@executable_path/Frameworks",
				);
				PRODUCT_BUNDLE_IDENTIFIER = n.a.EnhanceQuizStarterApp;
				PRODUCT_NAME = "$(TARGET_NAME)";
				SWIFT_VERSION = 4.2;
				TARGETED_DEVICE_FAMILY = "1,2";
			};
			name = Release;
		};
/* End XCBuildConfiguration section */

/* Begin XCConfigurationList section */
		8BB5B73021550928002A37AD /* Build configuration list for PBXProject "EnhanceQuizStarterApp" */ = {
			isa = XCConfigurationList;
			buildConfigurations = (
				8BB5B74521550929002A37AD /* Debug */,
				8BB5B74621550929002A37AD /* Release */,
			);
			defaultConfigurationIsVisible = 0;
			defaultConfigurationName = Release;
		};
		8BB5B74721550929002A37AD /* Build configuration list for PBXNativeTarget "EnhanceQuizStarterApp" */ = {
			isa = XCConfigurationList;
			buildConfigurations = (
				8BB5B74821550929002A37AD /* Debug */,
				8BB5B74921550929002A37AD /* Release */,
			);
			defaultConfigurationIsVisible = 0;
			defaultConfigurationName = Release;
		};
/* End XCConfigurationList section */
	};
	rootObject = 8BB5B72D21550928002A37AD /* Project object */;
}
